
Microsoft Visual Studio Solution File, Format Version 12.00
# Visual Studio Version 17
VisualStudioVersion = 17.9.34728.123
MinimumVisualStudioVersion = 10.0.40219.1
Project("{FAE04EC0-301F-11D3-BF4B-00C04F79EFBC}") = "Kds.Api", "Kds\Kds.Api.csproj", "{232E3727-C474-433B-8B88-E54D5C7BFAED}"
EndProject
Project("{FAE04EC0-301F-11D3-BF4B-00C04F79EFBC}") = "Kds.Domain", "Kds.Domain\Kds.Domain.csproj", "{986EE97F-4836-4115-B366-59150C4D4B6A}"
EndProject
Project("{FAE04EC0-301F-11D3-BF4B-00C04F79EFBC}") = "Kds.Infra", "Kds.Infra\Kds.Infra.csproj", "{458365DD-BC70-4FC2-B95A-8766C8DEC27B}"
EndProject
Global
	GlobalSection(SolutionConfigurationPlatforms) = preSolution
		Debug|Any CPU = Debug|Any CPU
		Release|Any CPU = Release|Any CPU
	EndGlobalSection
	GlobalSection(ProjectConfigurationPlatforms) = postSolution
		{232E3727-C474-433B-8B88-E54D5C7BFAED}.Debug|Any CPU.ActiveCfg = Debug|Any CPU
		{232E3727-C474-433B-8B88-E54D5C7BFAED}.Debug|Any CPU.Build.0 = Debug|Any CPU
		{232E3727-C474-433B-8B88-E54D5C7BFAED}.Release|Any CPU.ActiveCfg = Release|Any CPU
		{232E3727-C474-433B-8B88-E54D5C7BFAED}.Release|Any CPU.Build.0 = Release|Any CPU
		{986EE97F-4836-4115-B366-59150C4D4B6A}.Debug|Any CPU.ActiveCfg = Debug|Any CPU
		{986EE97F-4836-4115-B366-59150C4D4B6A}.Debug|Any CPU.Build.0 = Debug|Any CPU
		{986EE97F-4836-4115-B366-59150C4D4B6A}.Release|Any CPU.ActiveCfg = Release|Any CPU
		{986EE97F-4836-4115-B366-59150C4D4B6A}.Release|Any CPU.Build.0 = Release|Any CPU
		{458365DD-BC70-4FC2-B95A-8766C8DEC27B}.Debug|Any CPU.ActiveCfg = Debug|Any CPU
		{458365DD-BC70-4FC2-B95A-8766C8DEC27B}.Debug|Any CPU.Build.0 = Debug|Any CPU
		{458365DD-BC70-4FC2-B95A-8766C8DEC27B}.Release|Any CPU.ActiveCfg = Release|Any CPU
		{458365DD-BC70-4FC2-B95A-8766C8DEC27B}.Release|Any CPU.Build.0 = Release|Any CPU
	EndGlobalSection
	GlobalSection(SolutionProperties) = preSolution
		HideSolutionNode = FALSE
	EndGlobalSection
	GlobalSection(ExtensibilityGlobals) = postSolution
		SolutionGuid = {BFE502BD-9077-4F81-A747-6B3482708D67}
	EndGlobalSection
EndGlobal
