
Microsoft Visual Studio Solution File, Format Version 12.00
# Visual Studio Version 17
VisualStudioVersion = 17.9.34728.123
MinimumVisualStudioVersion = 10.0.40219.1
Project("{FAE04EC0-301F-11D3-BF4B-00C04F79EFBC}") = "Kds.Api", "Kds.Api.csproj", "{18D98B3E-5E01-48A4-843C-C6845285B449}"
EndProject
Global
	GlobalSection(SolutionConfigurationPlatforms) = preSolution
		Debug|Any CPU = Debug|Any CPU
		Release|Any CPU = Release|Any CPU
	EndGlobalSection
	GlobalSection(ProjectConfigurationPlatforms) = postSolution
		{18D98B3E-5E01-48A4-843C-C6845285B449}.Debug|Any CPU.ActiveCfg = Debug|Any CPU
		{18D98B3E-5E01-48A4-843C-C6845285B449}.Debug|Any CPU.Build.0 = Debug|Any CPU
		{18D98B3E-5E01-48A4-843C-C6845285B449}.Release|Any CPU.ActiveCfg = Release|Any CPU
		{18D98B3E-5E01-48A4-843C-C6845285B449}.Release|Any CPU.Build.0 = Release|Any CPU
	EndGlobalSection
	GlobalSection(SolutionProperties) = preSolution
		HideSolutionNode = FALSE
	EndGlobalSection
	GlobalSection(ExtensibilityGlobals) = postSolution
		SolutionGuid = {5E250234-C4DA-4165-923A-4695372C5F5E}
	EndGlobalSection
EndGlobal
